// !$*UTF8*$!
{
	archiveVersion = 1;
	classes = {
	};
	objectVersion = 51;
	objects = {

/* Begin PBXBuildFile section */
		862A851526127F9C00B386BC /* AppDelegate.swift in Sources */ = {isa = PBXBuildFile; fileRef = 862A851426127F9C00B386BC /* AppDelegate.swift */; };
		862A851926127F9D00B386BC /* ViewController.swift in Sources */ = {isa = PBXBuildFile; fileRef = 862A851826127F9D00B386BC /* ViewController.swift */; };
		862A851E26127F9F00B386BC /* Assets.xcassets in Resources */ = {isa = PBXBuildFile; fileRef = 862A851D26127F9F00B386BC /* Assets.xcassets */; };
		862A852126127F9F00B386BC /* LaunchScreen.storyboard in Resources */ = {isa = PBXBuildFile; fileRef = 862A851F26127F9F00B386BC /* LaunchScreen.storyboard */; };
		862A852C26127FA000B386BC /* AnchorSampleProjectTests.swift in Sources */ = {isa = PBXBuildFile; fileRef = 862A852B26127FA000B386BC /* AnchorSampleProjectTests.swift */; };
		862A853726127FA000B386BC /* AnchorSampleProjectUITests.swift in Sources */ = {isa = PBXBuildFile; fileRef = 862A853626127FA000B386BC /* AnchorSampleProjectUITests.swift */; };
		86CDD97F2613D21E00BF13CE /* UIViewExtensions.swift in Sources */ = {isa = PBXBuildFile; fileRef = 86CDD97E2613D21E00BF13CE /* UIViewExtensions.swift */; };
		86CDD9852613D27A00BF13CE /* AlbumTableViewCell.swift in Sources */ = {isa = PBXBuildFile; fileRef = 86CDD9842613D27A00BF13CE /* AlbumTableViewCell.swift */; };
		86CDD9932614BE3800BF13CE /* SceneDelegate.swift in Sources */ = {isa = PBXBuildFile; fileRef = 86CDD9922614BE3800BF13CE /* SceneDelegate.swift */; };
		A844E7C8E1F6BADA63AD54B8 /* Pods_AnchorSampleProject.framework in Frameworks */ = {isa = PBXBuildFile; fileRef = 97FE292DEFAA1CCE0D2C1235 /* Pods_AnchorSampleProject.framework */; };
/* End PBXBuildFile section */

/* Begin PBXContainerItemProxy section */
		862A852826127FA000B386BC /* PBXContainerItemProxy */ = {
			isa = PBXContainerItemProxy;
			containerPortal = 862A850926127F9C00B386BC /* Project object */;
			proxyType = 1;
			remoteGlobalIDString = 862A851026127F9C00B386BC;
			remoteInfo = AnchorSampleProject;
		};
		862A853326127FA000B386BC /* PBXContainerItemProxy */ = {
			isa = PBXContainerItemProxy;
			containerPortal = 862A850926127F9C00B386BC /* Project object */;
			proxyType = 1;
			remoteGlobalIDString = 862A851026127F9C00B386BC;
			remoteInfo = AnchorSampleProject;
		};
/* End PBXContainerItemProxy section */

/* Begin PBXFileReference section */
		7FEB6D548CC82A764C1456DB /* Pods-AnchorSampleProject.debug.xcconfig */ = {isa = PBXFileReference; includeInIndex = 1; lastKnownFileType = text.xcconfig; name = "Pods-AnchorSampleProject.debug.xcconfig"; path = "Target Support Files/Pods-AnchorSampleProject/Pods-AnchorSampleProject.debug.xcconfig"; sourceTree = "<group>"; };
		862A851126127F9C00B386BC /* AnchorSampleProject.app */ = {isa = PBXFileReference; explicitFileType = wrapper.application; includeInIndex = 0; path = AnchorSampleProject.app; sourceTree = BUILT_PRODUCTS_DIR; };
		862A851426127F9C00B386BC /* AppDelegate.swift */ = {isa = PBXFileReference; lastKnownFileType = sourcecode.swift; path = AppDelegate.swift; sourceTree = "<group>"; };
		862A851826127F9D00B386BC /* ViewController.swift */ = {isa = PBXFileReference; lastKnownFileType = sourcecode.swift; path = ViewController.swift; sourceTree = "<group>"; };
		862A851D26127F9F00B386BC /* Assets.xcassets */ = {isa = PBXFileReference; lastKnownFileType = folder.assetcatalog; path = Assets.xcassets; sourceTree = "<group>"; };
		862A852026127F9F00B386BC /* Base */ = {isa = PBXFileReference; lastKnownFileType = file.storyboard; name = Base; path = Base.lproj/LaunchScreen.storyboard; sourceTree = "<group>"; };
		862A852226127F9F00B386BC /* Info.plist */ = {isa = PBXFileReference; lastKnownFileType = text.plist.xml; path = Info.plist; sourceTree = "<group>"; };
		862A852726127F9F00B386BC /* AnchorSampleProjectTests.xctest */ = {isa = PBXFileReference; explicitFileType = wrapper.cfbundle; includeInIndex = 0; path = AnchorSampleProjectTests.xctest; sourceTree = BUILT_PRODUCTS_DIR; };
		862A852B26127FA000B386BC /* AnchorSampleProjectTests.swift */ = {isa = PBXFileReference; lastKnownFileType = sourcecode.swift; path = AnchorSampleProjectTests.swift; sourceTree = "<group>"; };
		862A852D26127FA000B386BC /* Info.plist */ = {isa = PBXFileReference; lastKnownFileType = text.plist.xml; path = Info.plist; sourceTree = "<group>"; };
		862A853226127FA000B386BC /* AnchorSampleProjectUITests.xctest */ = {isa = PBXFileReference; explicitFileType = wrapper.cfbundle; includeInIndex = 0; path = AnchorSampleProjectUITests.xctest; sourceTree = BUILT_PRODUCTS_DIR; };
		862A853626127FA000B386BC /* AnchorSampleProjectUITests.swift */ = {isa = PBXFileReference; lastKnownFileType = sourcecode.swift; path = AnchorSampleProjectUITests.swift; sourceTree = "<group>"; };
		862A853826127FA000B386BC /* Info.plist */ = {isa = PBXFileReference; lastKnownFileType = text.plist.xml; path = Info.plist; sourceTree = "<group>"; };
		86CDD97E2613D21E00BF13CE /* UIViewExtensions.swift */ = {isa = PBXFileReference; lastKnownFileType = sourcecode.swift; path = UIViewExtensions.swift; sourceTree = "<group>"; };
		86CDD9842613D27A00BF13CE /* AlbumTableViewCell.swift */ = {isa = PBXFileReference; lastKnownFileType = sourcecode.swift; path = AlbumTableViewCell.swift; sourceTree = "<group>"; };
		86CDD9922614BE3800BF13CE /* SceneDelegate.swift */ = {isa = PBXFileReference; fileEncoding = 4; lastKnownFileType = sourcecode.swift; path = SceneDelegate.swift; sourceTree = "<group>"; };
		97FE292DEFAA1CCE0D2C1235 /* Pods_AnchorSampleProject.framework */ = {isa = PBXFileReference; explicitFileType = wrapper.framework; includeInIndex = 0; path = Pods_AnchorSampleProject.framework; sourceTree = BUILT_PRODUCTS_DIR; };
		D16EA281E83288EC89E38C3F /* Pods-AnchorSampleProject.release.xcconfig */ = {isa = PBXFileReference; includeInIndex = 1; lastKnownFileType = text.xcconfig; name = "Pods-AnchorSampleProject.release.xcconfig"; path = "Target Support Files/Pods-AnchorSampleProject/Pods-AnchorSampleProject.release.xcconfig"; sourceTree = "<group>"; };
/* End PBXFileReference section */

/* Begin PBXFrameworksBuildPhase section */
		862A850E26127F9C00B386BC /* Frameworks */ = {
			isa = PBXFrameworksBuildPhase;
			buildActionMask = 2147483647;
			files = (
				A844E7C8E1F6BADA63AD54B8 /* Pods_AnchorSampleProject.framework in Frameworks */,
			);
			runOnlyForDeploymentPostprocessing = 0;
		};
		862A852426127F9F00B386BC /* Frameworks */ = {
			isa = PBXFrameworksBuildPhase;
			buildActionMask = 2147483647;
			files = (
			);
			runOnlyForDeploymentPostprocessing = 0;
		};
		862A852F26127FA000B386BC /* Frameworks */ = {
			isa = PBXFrameworksBuildPhase;
			buildActionMask = 2147483647;
			files = (
			);
			runOnlyForDeploymentPostprocessing = 0;
		};
/* End PBXFrameworksBuildPhase section */

/* Begin PBXGroup section */
		670F37B53BBF49B01CE7A5E8 /* Frameworks */ = {
			isa = PBXGroup;
			children = (
				97FE292DEFAA1CCE0D2C1235 /* Pods_AnchorSampleProject.framework */,
			);
			name = Frameworks;
			sourceTree = "<group>";
		};
		862A850826127F9C00B386BC = {
			isa = PBXGroup;
			children = (
				862A851326127F9C00B386BC /* AnchorSampleProject */,
				862A852A26127FA000B386BC /* AnchorSampleProjectTests */,
				862A853526127FA000B386BC /* AnchorSampleProjectUITests */,
				862A851226127F9C00B386BC /* Products */,
				F7522B0AFE341BD230589D7F /* Pods */,
				670F37B53BBF49B01CE7A5E8 /* Frameworks */,
			);
			sourceTree = "<group>";
		};
		862A851226127F9C00B386BC /* Products */ = {
			isa = PBXGroup;
			children = (
				862A851126127F9C00B386BC /* AnchorSampleProject.app */,
				862A852726127F9F00B386BC /* AnchorSampleProjectTests.xctest */,
				862A853226127FA000B386BC /* AnchorSampleProjectUITests.xctest */,
			);
			name = Products;
			sourceTree = "<group>";
		};
		862A851326127F9C00B386BC /* AnchorSampleProject */ = {
			isa = PBXGroup;
			children = (
				86CDD97D2613D20B00BF13CE /* Extensions */,
				862A85502612821300B386BC /* AppDelegate */,
				86CDD9832613D25F00BF13CE /* Cells */,
				862A854F2612820900B386BC /* Controllers */,
				862A851D26127F9F00B386BC /* Assets.xcassets */,
				862A851F26127F9F00B386BC /* LaunchScreen.storyboard */,
				862A852226127F9F00B386BC /* Info.plist */,
			);
			path = AnchorSampleProject;
			sourceTree = "<group>";
		};
		862A852A26127FA000B386BC /* AnchorSampleProjectTests */ = {
			isa = PBXGroup;
			children = (
				862A852B26127FA000B386BC /* AnchorSampleProjectTests.swift */,
				862A852D26127FA000B386BC /* Info.plist */,
			);
			path = AnchorSampleProjectTests;
			sourceTree = "<group>";
		};
		862A853526127FA000B386BC /* AnchorSampleProjectUITests */ = {
			isa = PBXGroup;
			children = (
				862A853626127FA000B386BC /* AnchorSampleProjectUITests.swift */,
				862A853826127FA000B386BC /* Info.plist */,
			);
			path = AnchorSampleProjectUITests;
			sourceTree = "<group>";
		};
		862A854F2612820900B386BC /* Controllers */ = {
			isa = PBXGroup;
			children = (
				862A851826127F9D00B386BC /* ViewController.swift */,
			);
			path = Controllers;
			sourceTree = "<group>";
		};
		862A85502612821300B386BC /* AppDelegate */ = {
			isa = PBXGroup;
			children = (
				86CDD9922614BE3800BF13CE /* SceneDelegate.swift */,
				862A851426127F9C00B386BC /* AppDelegate.swift */,
			);
			path = AppDelegate;
			sourceTree = "<group>";
		};
		86CDD97D2613D20B00BF13CE /* Extensions */ = {
			isa = PBXGroup;
			children = (
				86CDD97E2613D21E00BF13CE /* UIViewExtensions.swift */,
			);
			path = Extensions;
			sourceTree = "<group>";
		};
		86CDD9832613D25F00BF13CE /* Cells */ = {
			isa = PBXGroup;
			children = (
				86CDD9842613D27A00BF13CE /* AlbumTableViewCell.swift */,
			);
			path = Cells;
			sourceTree = "<group>";
		};
		F7522B0AFE341BD230589D7F /* Pods */ = {
			isa = PBXGroup;
			children = (
				7FEB6D548CC82A764C1456DB /* Pods-AnchorSampleProject.debug.xcconfig */,
				D16EA281E83288EC89E38C3F /* Pods-AnchorSampleProject.release.xcconfig */,
			);
			path = Pods;
			sourceTree = "<group>";
		};
/* End PBXGroup section */

/* Begin PBXNativeTarget section */
		862A851026127F9C00B386BC /* AnchorSampleProject */ = {
			isa = PBXNativeTarget;
			buildConfigurationList = 862A853B26127FA000B386BC /* Build configuration list for PBXNativeTarget "AnchorSampleProject" */;
			buildPhases = (
				610C9D499C8BEBA228A4A788 /* [CP] Check Pods Manifest.lock */,
				862A850D26127F9C00B386BC /* Sources */,
				862A850E26127F9C00B386BC /* Frameworks */,
				862A850F26127F9C00B386BC /* Resources */,
				885A807B4A288CF753D52AB5 /* [CP] Embed Pods Frameworks */,
			);
			buildRules = (
			);
			dependencies = (
			);
			name = AnchorSampleProject;
			productName = AnchorSampleProject;
			productReference = 862A851126127F9C00B386BC /* AnchorSampleProject.app */;
			productType = "com.apple.product-type.application";
		};
		862A852626127F9F00B386BC /* AnchorSampleProjectTests */ = {
			isa = PBXNativeTarget;
			buildConfigurationList = 862A853E26127FA000B386BC /* Build configuration list for PBXNativeTarget "AnchorSampleProjectTests" */;
			buildPhases = (
				862A852326127F9F00B386BC /* Sources */,
				862A852426127F9F00B386BC /* Frameworks */,
				862A852526127F9F00B386BC /* Resources */,
			);
			buildRules = (
			);
			dependencies = (
				862A852926127FA000B386BC /* PBXTargetDependency */,
			);
			name = AnchorSampleProjectTests;
			productName = AnchorSampleProjectTests;
			productReference = 862A852726127F9F00B386BC /* AnchorSampleProjectTests.xctest */;
			productType = "com.apple.product-type.bundle.unit-test";
		};
		862A853126127FA000B386BC /* AnchorSampleProjectUITests */ = {
			isa = PBXNativeTarget;
			buildConfigurationList = 862A854126127FA000B386BC /* Build configuration list for PBXNativeTarget "AnchorSampleProjectUITests" */;
			buildPhases = (
				862A852E26127FA000B386BC /* Sources */,
				862A852F26127FA000B386BC /* Frameworks */,
				862A853026127FA000B386BC /* Resources */,
			);
			buildRules = (
			);
			dependencies = (
				862A853426127FA000B386BC /* PBXTargetDependency */,
			);
			name = AnchorSampleProjectUITests;
			productName = AnchorSampleProjectUITests;
			productReference = 862A853226127FA000B386BC /* AnchorSampleProjectUITests.xctest */;
			productType = "com.apple.product-type.bundle.ui-testing";
		};
/* End PBXNativeTarget section */

/* Begin PBXProject section */
		862A850926127F9C00B386BC /* Project object */ = {
			isa = PBXProject;
			attributes = {
				LastSwiftUpdateCheck = 1240;
				LastUpgradeCheck = 1240;
				TargetAttributes = {
					862A851026127F9C00B386BC = {
						CreatedOnToolsVersion = 12.4;
					};
					862A852626127F9F00B386BC = {
						CreatedOnToolsVersion = 12.4;
						TestTargetID = 862A851026127F9C00B386BC;
					};
					862A853126127FA000B386BC = {
						CreatedOnToolsVersion = 12.4;
						TestTargetID = 862A851026127F9C00B386BC;
					};
				};
			};
			buildConfigurationList = 862A850C26127F9C00B386BC /* Build configuration list for PBXProject "AnchorSampleProject" */;
			compatibilityVersion = "Xcode 9.3";
			developmentRegion = en;
			hasScannedForEncodings = 0;
			knownRegions = (
				en,
				Base,
			);
			mainGroup = 862A850826127F9C00B386BC;
			productRefGroup = 862A851226127F9C00B386BC /* Products */;
			projectDirPath = "";
			projectRoot = "";
			targets = (
				862A851026127F9C00B386BC /* AnchorSampleProject */,
				862A852626127F9F00B386BC /* AnchorSampleProjectTests */,
				862A853126127FA000B386BC /* AnchorSampleProjectUITests */,
			);
		};
/* End PBXProject section */

/* Begin PBXResourcesBuildPhase section */
		862A850F26127F9C00B386BC /* Resources */ = {
			isa = PBXResourcesBuildPhase;
			buildActionMask = 2147483647;
			files = (
				862A852126127F9F00B386BC /* LaunchScreen.storyboard in Resources */,
				862A851E26127F9F00B386BC /* Assets.xcassets in Resources */,
			);
			runOnlyForDeploymentPostprocessing = 0;
		};
		862A852526127F9F00B386BC /* Resources */ = {
			isa = PBXResourcesBuildPhase;
			buildActionMask = 2147483647;
			files = (
			);
			runOnlyForDeploymentPostprocessing = 0;
		};
		862A853026127FA000B386BC /* Resources */ = {
			isa = PBXResourcesBuildPhase;
			buildActionMask = 2147483647;
			files = (
			);
			runOnlyForDeploymentPostprocessing = 0;
		};
/* End PBXResourcesBuildPhase section */

/* Begin PBXShellScriptBuildPhase section */
		610C9D499C8BEBA228A4A788 /* [CP] Check Pods Manifest.lock */ = {
			isa = PBXShellScriptBuildPhase;
			buildActionMask = 2147483647;
			files = (
			);
			inputFileListPaths = (
			);
			inputPaths = (
				"${PODS_PODFILE_DIR_PATH}/Podfile.lock",
				"${PODS_ROOT}/Manifest.lock",
			);
			name = "[CP] Check Pods Manifest.lock";
			outputFileListPaths = (
			);
			outputPaths = (
				"$(DERIVED_FILE_DIR)/Pods-AnchorSampleProject-checkManifestLockResult.txt",
			);
			runOnlyForDeploymentPostprocessing = 0;
			shellPath = /bin/sh;
			shellScript = "diff \"${PODS_PODFILE_DIR_PATH}/Podfile.lock\" \"${PODS_ROOT}/Manifest.lock\" > /dev/null\nif [ $? != 0 ] ; then\n    # print error to STDERR\n    echo \"error: The sandbox is not in sync with the Podfile.lock. Run 'pod install' or update your CocoaPods installation.\" >&2\n    exit 1\nfi\n# This output is used by Xcode 'outputs' to avoid re-running this script phase.\necho \"SUCCESS\" > \"${SCRIPT_OUTPUT_FILE_0}\"\n";
			showEnvVarsInLog = 0;
		};
		885A807B4A288CF753D52AB5 /* [CP] Embed Pods Frameworks */ = {
			isa = PBXShellScriptBuildPhase;
			buildActionMask = 2147483647;
			files = (
			);
			inputFileListPaths = (
				"${PODS_ROOT}/Target Support Files/Pods-AnchorSampleProject/Pods-AnchorSampleProject-frameworks-${CONFIGURATION}-input-files.xcfilelist",
			);
			name = "[CP] Embed Pods Frameworks";
			outputFileListPaths = (
				"${PODS_ROOT}/Target Support Files/Pods-AnchorSampleProject/Pods-AnchorSampleProject-frameworks-${CONFIGURATION}-output-files.xcfilelist",
			);
			runOnlyForDeploymentPostprocessing = 0;
			shellPath = /bin/sh;
			shellScript = "\"${PODS_ROOT}/Target Support Files/Pods-AnchorSampleProject/Pods-AnchorSampleProject-frameworks.sh\"\n";
			showEnvVarsInLog = 0;
		};
/* End PBXShellScriptBuildPhase section */

/* Begin PBXSourcesBuildPhase section */
		862A850D26127F9C00B386BC /* Sources */ = {
			isa = PBXSourcesBuildPhase;
			buildActionMask = 2147483647;
			files = (
				86CDD9932614BE3800BF13CE /* SceneDelegate.swift in Sources */,
				862A851926127F9D00B386BC /* ViewController.swift in Sources */,
				86CDD97F2613D21E00BF13CE /* UIViewExtensions.swift in Sources */,
				86CDD9852613D27A00BF13CE /* AlbumTableViewCell.swift in Sources */,
				862A851526127F9C00B386BC /* AppDelegate.swift in Sources */,
			);
			runOnlyForDeploymentPostprocessing = 0;
		};
		862A852326127F9F00B386BC /* Sources */ = {
			isa = PBXSourcesBuildPhase;
			buildActionMask = 2147483647;
			files = (
				862A852C26127FA000B386BC /* AnchorSampleProjectTests.swift in Sources */,
			);
			runOnlyForDeploymentPostprocessing = 0;
		};
		862A852E26127FA000B386BC /* Sources */ = {
			isa = PBXSourcesBuildPhase;
			buildActionMask = 2147483647;
			files = (
				862A853726127FA000B386BC /* AnchorSampleProjectUITests.swift in Sources */,
			);
			runOnlyForDeploymentPostprocessing = 0;
		};
/* End PBXSourcesBuildPhase section */

/* Begin PBXTargetDependency section */
		862A852926127FA000B386BC /* PBXTargetDependency */ = {
			isa = PBXTargetDependency;
			target = 862A851026127F9C00B386BC /* AnchorSampleProject */;
			targetProxy = 862A852826127FA000B386BC /* PBXContainerItemProxy */;
		};
		862A853426127FA000B386BC /* PBXTargetDependency */ = {
			isa = PBXTargetDependency;
			target = 862A851026127F9C00B386BC /* AnchorSampleProject */;
			targetProxy = 862A853326127FA000B386BC /* PBXContainerItemProxy */;
		};
/* End PBXTargetDependency section */

/* Begin PBXVariantGroup section */
		862A851F26127F9F00B386BC /* LaunchScreen.storyboard */ = {
			isa = PBXVariantGroup;
			children = (
				862A852026127F9F00B386BC /* Base */,
			);
			name = LaunchScreen.storyboard;
			sourceTree = "<group>";
		};
/* End PBXVariantGroup section */

/* Begin XCBuildConfiguration section */
		862A853926127FA000B386BC /* Debug */ = {
			isa = XCBuildConfiguration;
			buildSettings = {
				ALWAYS_SEARCH_USER_PATHS = NO;
				CLANG_ANALYZER_NONNULL = YES;
				CLANG_ANALYZER_NUMBER_OBJECT_CONVERSION = YES_AGGRESSIVE;
				CLANG_CXX_LANGUAGE_STANDARD = "gnu++14";
				CLANG_CXX_LIBRARY = "libc++";
				CLANG_ENABLE_MODULES = YES;
				CLANG_ENABLE_OBJC_ARC = YES;
				CLANG_ENABLE_OBJC_WEAK = YES;
				CLANG_WARN_BLOCK_CAPTURE_AUTORELEASING = YES;
				CLANG_WARN_BOOL_CONVERSION = YES;
				CLANG_WARN_COMMA = YES;
				CLANG_WARN_CONSTANT_CONVERSION = YES;
				CLANG_WARN_DEPRECATED_OBJC_IMPLEMENTATIONS = YES;
				CLANG_WARN_DIRECT_OBJC_ISA_USAGE = YES_ERROR;
				CLANG_WARN_DOCUMENTATION_COMMENTS = YES;
				CLANG_WARN_EMPTY_BODY = YES;
				CLANG_WARN_ENUM_CONVERSION = YES;
				CLANG_WARN_INFINITE_RECURSION = YES;
				CLANG_WARN_INT_CONVERSION = YES;
				CLANG_WARN_NON_LITERAL_NULL_CONVERSION = YES;
				CLANG_WARN_OBJC_IMPLICIT_RETAIN_SELF = YES;
				CLANG_WARN_OBJC_LITERAL_CONVERSION = YES;
				CLANG_WARN_OBJC_ROOT_CLASS = YES_ERROR;
				CLANG_WARN_QUOTED_INCLUDE_IN_FRAMEWORK_HEADER = YES;
				CLANG_WARN_RANGE_LOOP_ANALYSIS = YES;
				CLANG_WARN_STRICT_PROTOTYPES = YES;
				CLANG_WARN_SUSPICIOUS_MOVE = YES;
				CLANG_WARN_UNGUARDED_AVAILABILITY = YES_AGGRESSIVE;
				CLANG_WARN_UNREACHABLE_CODE = YES;
				CLANG_WARN__DUPLICATE_METHOD_MATCH = YES;
				COPY_PHASE_STRIP = NO;
				DEBUG_INFORMATION_FORMAT = dwarf;
				ENABLE_STRICT_OBJC_MSGSEND = YES;
				ENABLE_TESTABILITY = YES;
				GCC_C_LANGUAGE_STANDARD = gnu11;
				GCC_DYNAMIC_NO_PIC = NO;
				GCC_NO_COMMON_BLOCKS = YES;
				GCC_OPTIMIZATION_LEVEL = 0;
				GCC_PREPROCESSOR_DEFINITIONS = (
					"DEBUG=1",
					"$(inherited)",
				);
				GCC_WARN_64_TO_32_BIT_CONVERSION = YES;
				GCC_WARN_ABOUT_RETURN_TYPE = YES_ERROR;
				GCC_WARN_UNDECLARED_SELECTOR = YES;
				GCC_WARN_UNINITIALIZED_AUTOS = YES_AGGRESSIVE;
				GCC_WARN_UNUSED_FUNCTION = YES;
				GCC_WARN_UNUSED_VARIABLE = YES;
				IPHONEOS_DEPLOYMENT_TARGET = 14.4;
				MTL_ENABLE_DEBUG_INFO = INCLUDE_SOURCE;
				MTL_FAST_MATH = YES;
				ONLY_ACTIVE_ARCH = YES;
				SDKROOT = iphoneos;
				SWIFT_ACTIVE_COMPILATION_CONDITIONS = DEBUG;
				SWIFT_OPTIMIZATION_LEVEL = "-Onone";
			};
			name = Debug;
		};
		862A853A26127FA000B386BC /* Release */ = {
			isa = XCBuildConfiguration;
			buildSettings = {
				ALWAYS_SEARCH_USER_PATHS = NO;
				CLANG_ANALYZER_NONNULL = YES;
				CLANG_ANALYZER_NUMBER_OBJECT_CONVERSION = YES_AGGRESSIVE;
				CLANG_CXX_LANGUAGE_STANDARD = "gnu++14";
				CLANG_CXX_LIBRARY = "libc++";
				CLANG_ENABLE_MODULES = YES;
				CLANG_ENABLE_OBJC_ARC = YES;
				CLANG_ENABLE_OBJC_WEAK = YES;
				CLANG_WARN_BLOCK_CAPTURE_AUTORELEASING = YES;
				CLANG_WARN_BOOL_CONVERSION = YES;
				CLANG_WARN_COMMA = YES;
				CLANG_WARN_CONSTANT_CONVERSION = YES;
				CLANG_WARN_DEPRECATED_OBJC_IMPLEMENTATIONS = YES;
				CLANG_WARN_DIRECT_OBJC_ISA_USAGE = YES_ERROR;
				CLANG_WARN_DOCUMENTATION_COMMENTS = YES;
				CLANG_WARN_EMPTY_BODY = YES;
				CLANG_WARN_ENUM_CONVERSION = YES;
				CLANG_WARN_INFINITE_RECURSION = YES;
				CLANG_WARN_INT_CONVERSION = YES;
				CLANG_WARN_NON_LITERAL_NULL_CONVERSION = YES;
				CLANG_WARN_OBJC_IMPLICIT_RETAIN_SELF = YES;
				CLANG_WARN_OBJC_LITERAL_CONVERSION = YES;
				CLANG_WARN_OBJC_ROOT_CLASS = YES_ERROR;
				CLANG_WARN_QUOTED_INCLUDE_IN_FRAMEWORK_HEADER = YES;
				CLANG_WARN_RANGE_LOOP_ANALYSIS = YES;
				CLANG_WARN_STRICT_PROTOTYPES = YES;
				CLANG_WARN_SUSPICIOUS_MOVE = YES;
				CLANG_WARN_UNGUARDED_AVAILABILITY = YES_AGGRESSIVE;
				CLANG_WARN_UNREACHABLE_CODE = YES;
				CLANG_WARN__DUPLICATE_METHOD_MATCH = YES;
				COPY_PHASE_STRIP = NO;
				DEBUG_INFORMATION_FORMAT = "dwarf-with-dsym";
				ENABLE_NS_ASSERTIONS = NO;
				ENABLE_STRICT_OBJC_MSGSEND = YES;
				GCC_C_LANGUAGE_STANDARD = gnu11;
				GCC_NO_COMMON_BLOCKS = YES;
				GCC_WARN_64_TO_32_BIT_CONVERSION = YES;
				GCC_WARN_ABOUT_RETURN_TYPE = YES_ERROR;
				GCC_WARN_UNDECLARED_SELECTOR = YES;
				GCC_WARN_UNINITIALIZED_AUTOS = YES_AGGRESSIVE;
				GCC_WARN_UNUSED_FUNCTION = YES;
				GCC_WARN_UNUSED_VARIABLE = YES;
				IPHONEOS_DEPLOYMENT_TARGET = 14.4;
				MTL_ENABLE_DEBUG_INFO = NO;
				MTL_FAST_MATH = YES;
				SDKROOT = iphoneos;
				SWIFT_COMPILATION_MODE = wholemodule;
				SWIFT_OPTIMIZATION_LEVEL = "-O";
				VALIDATE_PRODUCT = YES;
			};
			name = Release;
		};
		862A853C26127FA000B386BC /* Debug */ = {
			isa = XCBuildConfiguration;
			baseConfigurationReference = 7FEB6D548CC82A764C1456DB /* Pods-AnchorSampleProject.debug.xcconfig */;
			buildSettings = {
				ASSETCATALOG_COMPILER_APPICON_NAME = AppIcon;
				ASSETCATALOG_COMPILER_GLOBAL_ACCENT_COLOR_NAME = AccentColor;
				CODE_SIGN_STYLE = Automatic;
				DEVELOPMENT_TEAM = 2FNC3A47ZF;
				INFOPLIST_FILE = AnchorSampleProject/Info.plist;
				LD_RUNPATH_SEARCH_PATHS = (
					"$(inherited)",
					"@executable_path/Frameworks",
				);
				PRODUCT_BUNDLE_IDENTIFIER = com.anchorfminc.Anchor.AnchorSampleProject;
				PRODUCT_NAME = "$(TARGET_NAME)";
				SWIFT_VERSION = 5.0;
				TARGETED_DEVICE_FAMILY = "1,2";
			};
			name = Debug;
		};
		862A853D26127FA000B386BC /* Release */ = {
			isa = XCBuildConfiguration;
			baseConfigurationReference = D16EA281E83288EC89E38C3F /* Pods-AnchorSampleProject.release.xcconfig */;
			buildSettings = {
				ASSETCATALOG_COMPILER_APPICON_NAME = AppIcon;
				ASSETCATALOG_COMPILER_GLOBAL_ACCENT_COLOR_NAME = AccentColor;
				CODE_SIGN_STYLE = Automatic;
				DEVELOPMENT_TEAM = 2FNC3A47ZF;
				INFOPLIST_FILE = AnchorSampleProject/Info.plist;
				LD_RUNPATH_SEARCH_PATHS = (
					"$(inherited)",
					"@executable_path/Frameworks",
				);
				PRODUCT_BUNDLE_IDENTIFIER = com.anchorfminc.Anchor.AnchorSampleProject;
				PRODUCT_NAME = "$(TARGET_NAME)";
				SWIFT_VERSION = 5.0;
				TARGETED_DEVICE_FAMILY = "1,2";
			};
			name = Release;
		};
		862A853F26127FA000B386BC /* Debug */ = {
			isa = XCBuildConfiguration;
			buildSettings = {
				ALWAYS_EMBED_SWIFT_STANDARD_LIBRARIES = YES;
				BUNDLE_LOADER = "$(TEST_HOST)";
				CODE_SIGN_STYLE = Automatic;
				DEVELOPMENT_TEAM = 2FNC3A47ZF;
				INFOPLIST_FILE = AnchorSampleProjectTests/Info.plist;
				IPHONEOS_DEPLOYMENT_TARGET = 14.4;
				LD_RUNPATH_SEARCH_PATHS = (
					"$(inherited)",
					"@executable_path/Frameworks",
					"@loader_path/Frameworks",
				);
				PRODUCT_BUNDLE_IDENTIFIER = com.anchorfminc.Anchor.AnchorSampleProjectTests;
				PRODUCT_NAME = "$(TARGET_NAME)";
				SWIFT_VERSION = 5.0;
				TARGETED_DEVICE_FAMILY = "1,2";
				TEST_HOST = "$(BUILT_PRODUCTS_DIR)/AnchorSampleProject.app/AnchorSampleProject";
			};
			name = Debug;
		};
		862A854026127FA000B386BC /* Release */ = {
			isa = XCBuildConfiguration;
			buildSettings = {
				ALWAYS_EMBED_SWIFT_STANDARD_LIBRARIES = YES;
				BUNDLE_LOADER = "$(TEST_HOST)";
				CODE_SIGN_STYLE = Automatic;
				DEVELOPMENT_TEAM = 2FNC3A47ZF;
				INFOPLIST_FILE = AnchorSampleProjectTests/Info.plist;
				IPHONEOS_DEPLOYMENT_TARGET = 14.4;
				LD_RUNPATH_SEARCH_PATHS = (
					"$(inherited)",
					"@executable_path/Frameworks",
					"@loader_path/Frameworks",
				);
				PRODUCT_BUNDLE_IDENTIFIER = com.anchorfminc.Anchor.AnchorSampleProjectTests;
				PRODUCT_NAME = "$(TARGET_NAME)";
				SWIFT_VERSION = 5.0;
				TARGETED_DEVICE_FAMILY = "1,2";
				TEST_HOST = "$(BUILT_PRODUCTS_DIR)/AnchorSampleProject.app/AnchorSampleProject";
			};
			name = Release;
		};
		862A854226127FA000B386BC /* Debug */ = {
			isa = XCBuildConfiguration;
			buildSettings = {
				ALWAYS_EMBED_SWIFT_STANDARD_LIBRARIES = YES;
				CODE_SIGN_STYLE = Automatic;
				DEVELOPMENT_TEAM = 2FNC3A47ZF;
				INFOPLIST_FILE = AnchorSampleProjectUITests/Info.plist;
				LD_RUNPATH_SEARCH_PATHS = (
					"$(inherited)",
					"@executable_path/Frameworks",
					"@loader_path/Frameworks",
				);
				PRODUCT_BUNDLE_IDENTIFIER = com.anchorfminc.Anchor.AnchorSampleProjectUITests;
				PRODUCT_NAME = "$(TARGET_NAME)";
				SWIFT_VERSION = 5.0;
				TARGETED_DEVICE_FAMILY = "1,2";
				TEST_TARGET_NAME = AnchorSampleProject;
			};
			name = Debug;
		};
		862A854326127FA000B386BC /* Release */ = {
			isa = XCBuildConfiguration;
			buildSettings = {
				ALWAYS_EMBED_SWIFT_STANDARD_LIBRARIES = YES;
				CODE_SIGN_STYLE = Automatic;
				DEVELOPMENT_TEAM = 2FNC3A47ZF;
				INFOPLIST_FILE = AnchorSampleProjectUITests/Info.plist;
				LD_RUNPATH_SEARCH_PATHS = (
					"$(inherited)",
					"@executable_path/Frameworks",
					"@loader_path/Frameworks",
				);
				PRODUCT_BUNDLE_IDENTIFIER = com.anchorfminc.Anchor.AnchorSampleProjectUITests;
				PRODUCT_NAME = "$(TARGET_NAME)";
				SWIFT_VERSION = 5.0;
				TARGETED_DEVICE_FAMILY = "1,2";
				TEST_TARGET_NAME = AnchorSampleProject;
			};
			name = Release;
		};
/* End XCBuildConfiguration section */

/* Begin XCConfigurationList section */
		862A850C26127F9C00B386BC /* Build configuration list for PBXProject "AnchorSampleProject" */ = {
			isa = XCConfigurationList;
			buildConfigurations = (
				862A853926127FA000B386BC /* Debug */,
				862A853A26127FA000B386BC /* Release */,
			);
			defaultConfigurationIsVisible = 0;
			defaultConfigurationName = Release;
		};
		862A853B26127FA000B386BC /* Build configuration list for PBXNativeTarget "AnchorSampleProject" */ = {
			isa = XCConfigurationList;
			buildConfigurations = (
				862A853C26127FA000B386BC /* Debug */,
				862A853D26127FA000B386BC /* Release */,
			);
			defaultConfigurationIsVisible = 0;
			defaultConfigurationName = Release;
		};
		862A853E26127FA000B386BC /* Build configuration list for PBXNativeTarget "AnchorSampleProjectTests" */ = {
			isa = XCConfigurationList;
			buildConfigurations = (
				862A853F26127FA000B386BC /* Debug */,
				862A854026127FA000B386BC /* Release */,
			);
			defaultConfigurationIsVisible = 0;
			defaultConfigurationName = Release;
		};
		862A854126127FA000B386BC /* Build configuration list for PBXNativeTarget "AnchorSampleProjectUITests" */ = {
			isa = XCConfigurationList;
			buildConfigurations = (
				862A854226127FA000B386BC /* Debug */,
				862A854326127FA000B386BC /* Release */,
			);
			defaultConfigurationIsVisible = 0;
			defaultConfigurationName = Release;
		};
/* End XCConfigurationList section */
	};
	rootObject = 862A850926127F9C00B386BC /* Project object */;
}
